<?xml version="1.0" encoding="utf-8"?>
<Project ToolsVersion="4.0" xmlns="http://schemas.microsoft.com/developer/msbuild/2003">
  <ItemGroup>
    <Filter Include="ソース ファイル">
      <UniqueIdentifier>{4FC737F1-C7A5-4376-A066-2A32D752A2FF}</UniqueIdentifier>
      <Extensions>cpp;c;cc;cxx;c++;cppm;ixx;def;odl;idl;hpj;bat;asm;asmx</Extensions>
    </Filter>
    <Filter Include="ヘッダー ファイル">
      <UniqueIdentifier>{93995380-89BD-4b04-88EB-625FBE52EBFB}</UniqueIdentifier>
      <Extensions>h;hh;hpp;hxx;h++;hm;inl;inc;ipp;xsd</Extensions>
    </Filter>
    <Filter Include="リソース ファイル">
      <UniqueIdentifier>{67DA6AB6-F800-4c08-8B7A-83BB121AAD01}</UniqueIdentifier>
      <Extensions>rc;ico;cur;bmp;dlg;rc2;rct;bin;rgs;gif;jpg;jpeg;jpe;resx;tiff;tif;png;wav;mfcribbon-ms</Extensions>
    </Filter>
    <Filter Include="ヘッダー ファイル\Object">
      <UniqueIdentifier>{00f13469-27cc-40ea-be14-78f370355915}</UniqueIdentifier>
    </Filter>
    <Filter Include="ソース ファイル\Object">
      <UniqueIdentifier>{fbe6f387-74c1-4768-96a4-51268e7303a3}</UniqueIdentifier>
    </Filter>
    <Filter Include="ソース ファイル\Base">
      <UniqueIdentifier>{6f838bb5-81e2-46a5-9d15-c0c0fd9af27d}</UniqueIdentifier>
    </Filter>
    <Filter Include="ヘッダー ファイル\Base">
      <UniqueIdentifier>{57295a17-257c-4337-96f0-8fcae42ad21a}</UniqueIdentifier>
    </Filter>
    <Filter Include="Shader">
      <UniqueIdentifier>{e31aa832-5699-4745-80f8-a28438b1ef77}</UniqueIdentifier>
    </Filter>
    <Filter Include="ソース ファイル\Math">
      <UniqueIdentifier>{3f2bc17c-9471-419c-9d7b-2687082bd133}</UniqueIdentifier>
    </Filter>
    <Filter Include="ヘッダー ファイル\Math">
      <UniqueIdentifier>{f7bff95c-31c7-4a0d-a272-61212f2b1983}</UniqueIdentifier>
    </Filter>
    <Filter Include="ヘッダー ファイル\Scene">
      <UniqueIdentifier>{c21a8960-1de3-4a80-a677-37bdaa9da147}</UniqueIdentifier>
    </Filter>
    <Filter Include="ソース ファイル\Scene">
      <UniqueIdentifier>{75977b83-581b-469a-a861-51fee7687fb8}</UniqueIdentifier>
    </Filter>
    <Filter Include="imgui">
      <UniqueIdentifier>{b1995a4a-4c1e-48df-bc8e-9e851f1c6b9b}</UniqueIdentifier>
    </Filter>
    <Filter Include="ソース ファイル\Manager">
      <UniqueIdentifier>{667b6566-a3ee-4968-bca1-53dc057779a2}</UniqueIdentifier>
    </Filter>
    <Filter Include="ヘッダー ファイル\Manager">
      <UniqueIdentifier>{eb8fe15e-c7fc-4a76-99f8-b667a558d38f}</UniqueIdentifier>
    </Filter>
    <Filter Include="ソース ファイル\GameObject">
      <UniqueIdentifier>{9e467294-ff27-4681-b5b1-1b3ee19c70ac}</UniqueIdentifier>
    </Filter>
    <Filter Include="ヘッダー ファイル\GameObject">
      <UniqueIdentifier>{9c50e8dd-31d7-4f2c-9824-f6fc838b7243}</UniqueIdentifier>
    </Filter>
    <Filter Include="ソース ファイル\GameObject\Camera">
      <UniqueIdentifier>{34578d30-73df-416a-84c7-021af75d9267}</UniqueIdentifier>
    </Filter>
    <Filter Include="ヘッダー ファイル\GameObject\Camera">
      <UniqueIdentifier>{c6d4a612-b167-42c8-bc4d-80b99c8541a1}</UniqueIdentifier>
    </Filter>
    <Filter Include="ヘッダー ファイル\GameObject\Light">
      <UniqueIdentifier>{b8d93977-6457-4a8f-8be8-b382f4ffe7dd}</UniqueIdentifier>
    </Filter>
    <Filter Include="ソース ファイル\GameObject\Light">
      <UniqueIdentifier>{178f3659-9278-4447-9c50-5740b4666710}</UniqueIdentifier>
    </Filter>
    <Filter Include="ヘッダー ファイル\Data">
      <UniqueIdentifier>{cde3745c-bca7-49b5-a395-b3e3ec46a049}</UniqueIdentifier>
    </Filter>
    <Filter Include="ソース ファイル\Data">
      <UniqueIdentifier>{20ff61cf-a40c-4a01-bff8-4231c0acd3cc}</UniqueIdentifier>
    </Filter>
    <Filter Include="Shader\Object3d">
      <UniqueIdentifier>{c928defd-6c07-44bd-b604-c5367735e895}</UniqueIdentifier>
    </Filter>
    <Filter Include="Shader\Particle">
      <UniqueIdentifier>{fefb3b31-089d-4233-9f3f-b99f34c61803}</UniqueIdentifier>
    </Filter>
    <Filter Include="ヘッダー ファイル\GameObject\Particle">
      <UniqueIdentifier>{b467e3b3-b7c0-4cdd-a04d-1d4e6373c3b6}</UniqueIdentifier>
    </Filter>
    <Filter Include="ソース ファイル\GameObject\Particle">
      <UniqueIdentifier>{2e2c54c7-360c-4c30-a80a-7ed514a1cd14}</UniqueIdentifier>
    </Filter>
    <Filter Include="ヘッダー ファイル\Debug">
      <UniqueIdentifier>{83f63f37-8633-4f70-b582-f401963a5b28}</UniqueIdentifier>
    </Filter>
    <Filter Include="ソース ファイル\Debug">
      <UniqueIdentifier>{aab891f3-9145-4a22-b559-f78bc1296561}</UniqueIdentifier>
    </Filter>
    <Filter Include="ソース ファイル\GameObject\Entity">
      <UniqueIdentifier>{654c46a8-26e6-409f-8235-25bcd692fce5}</UniqueIdentifier>
    </Filter>
    <Filter Include="ヘッダー ファイル\GameObject\Entity">
      <UniqueIdentifier>{a9726fed-d0da-4c9b-bd59-e50aa999852b}</UniqueIdentifier>
    </Filter>
    <Filter Include="ソース ファイル\GameObject\Particle\Sprite">
      <UniqueIdentifier>{f3f4f912-3edc-4496-856d-13c93c1d701e}</UniqueIdentifier>
    </Filter>
    <Filter Include="ソース ファイル\GameObject\Particle\Object">
      <UniqueIdentifier>{650cd8bf-51a3-4812-a8f0-ffcead63f507}</UniqueIdentifier>
    </Filter>
    <Filter Include="ヘッダー ファイル\GameObject\Particle\Sprite">
      <UniqueIdentifier>{14aa28e3-ddf0-4afc-942e-3e7dc54e8c10}</UniqueIdentifier>
    </Filter>
    <Filter Include="ヘッダー ファイル\GameObject\Particle\Object">
      <UniqueIdentifier>{8a2dde78-cd29-4012-a728-e3eddfca1fd4}</UniqueIdentifier>
    </Filter>
    <Filter Include="ソース ファイル\LoadFile">
      <UniqueIdentifier>{d2dff816-65e8-47f6-8ee3-4e13ff0c0a11}</UniqueIdentifier>
    </Filter>
    <Filter Include="ヘッダー ファイル\LoadFile">
      <UniqueIdentifier>{576d992c-da5c-4f84-bf03-e7db8559b369}</UniqueIdentifier>
    </Filter>
    <Filter Include="ヘッダー ファイル\GameObject\Map">
      <UniqueIdentifier>{831ee262-51d7-42ce-b060-ae02589e9056}</UniqueIdentifier>
    </Filter>
    <Filter Include="ソース ファイル\GameObject\Map">
      <UniqueIdentifier>{928c5bf6-854d-416e-9b8d-15d6b278cbf9}</UniqueIdentifier>
    </Filter>
    <Filter Include="ソース ファイル\GameObject\Shadow">
      <UniqueIdentifier>{2addc2a3-9140-43ae-a72d-d46bd39ab2cf}</UniqueIdentifier>
    </Filter>
    <Filter Include="ヘッダー ファイル\GameObject\Shadow">
      <UniqueIdentifier>{ff48d20c-b5b4-4534-9de4-99f4ac07175f}</UniqueIdentifier>
    </Filter>
  </ItemGroup>
  <ItemGroup>
    <ClCompile Include="main.cpp">
      <Filter>ソース ファイル</Filter>
    </ClCompile>
    <ClCompile Include="DirectXGame\Math\Vector2.cpp">
      <Filter>ソース ファイル\Math</Filter>
    </ClCompile>
    <ClCompile Include="DirectXGame\Math\Vector3.cpp">
      <Filter>ソース ファイル\Math</Filter>
    </ClCompile>
    <ClCompile Include="DirectXGame\Math\Math.cpp">
      <Filter>ソース ファイル\Math</Filter>
    </ClCompile>
    <ClCompile Include="DirectXGame\Base\DirectXCommon\DirectXCommon.cpp">
      <Filter>ソース ファイル\Base</Filter>
    </ClCompile>
    <ClCompile Include="DirectXGame\Base\WinApp\WinApp.cpp">
      <Filter>ソース ファイル\Base</Filter>
    </ClCompile>
    <ClCompile Include="External\imgui\imgui.cpp">
      <Filter>imgui</Filter>
    </ClCompile>
    <ClCompile Include="External\imgui\imgui_demo.cpp">
      <Filter>imgui</Filter>
    </ClCompile>
    <ClCompile Include="External\imgui\imgui_draw.cpp">
      <Filter>imgui</Filter>
    </ClCompile>
    <ClCompile Include="External\imgui\imgui_impl_dx12.cpp">
      <Filter>imgui</Filter>
    </ClCompile>
    <ClCompile Include="External\imgui\imgui_impl_win32.cpp">
      <Filter>imgui</Filter>
    </ClCompile>
    <ClCompile Include="External\imgui\imgui_tables.cpp">
      <Filter>imgui</Filter>
    </ClCompile>
    <ClCompile Include="External\imgui\imgui_widgets.cpp">
      <Filter>imgui</Filter>
    </ClCompile>
    <ClCompile Include="DirectXGame\Manager\ImGuiManager.cpp">
      <Filter>ソース ファイル\Manager</Filter>
    </ClCompile>
    <ClCompile Include="DirectXGame\Manager\TextureManager.cpp">
      <Filter>ソース ファイル\Manager</Filter>
    </ClCompile>
    <ClCompile Include="DirectXGame\Object\Sprite.cpp">
      <Filter>ソース ファイル\Object</Filter>
    </ClCompile>
    <ClCompile Include="DirectXGame\GameObject\Camera\SpriteCamera.cpp">
      <Filter>ソース ファイル\GameObject\Camera</Filter>
    </ClCompile>
    <ClCompile Include="DirectXGame\GameObject\Camera\DebugCamera.cpp">
      <Filter>ソース ファイル\GameObject\Camera</Filter>
    </ClCompile>
    <ClCompile Include="DirectXGame\Manager\GraphicsPipelineManager.cpp">
      <Filter>ソース ファイル\Manager</Filter>
    </ClCompile>
    <ClCompile Include="DirectXGame\Object\Model.cpp">
      <Filter>ソース ファイル\Object</Filter>
    </ClCompile>
    <ClCompile Include="DirectXGame\Data\Transform.cpp">
      <Filter>ソース ファイル\Data</Filter>
    </ClCompile>
    <ClCompile Include="DirectXGame\Data\MaterialInfo.cpp">
      <Filter>ソース ファイル\Data</Filter>
    </ClCompile>
    <ClCompile Include="DirectXGame\Data\Material.cpp">
      <Filter>ソース ファイル\Data</Filter>
    </ClCompile>
    <ClCompile Include="DirectXGame\Manager\InputManager.cpp">
      <Filter>ソース ファイル\Manager</Filter>
    </ClCompile>
    <ClCompile Include="DirectXGame\GameObject\Camera\InGameCamera.cpp">
      <Filter>ソース ファイル\GameObject\Camera</Filter>
    </ClCompile>
    <ClCompile Include="DirectXGame\Manager\ParticleManager.cpp">
      <Filter>ソース ファイル\Manager</Filter>
    </ClCompile>
    <ClCompile Include="DirectXGame\GameObject\Particle\testParticle.cpp">
      <Filter>ソース ファイル\GameObject\Particle</Filter>
    </ClCompile>
    <ClCompile Include="DirectXGame\Data\TextureData.cpp">
      <Filter>ソース ファイル\Data</Filter>
    </ClCompile>
    <ClCompile Include="DirectXGame\Scene\InGameScene.cpp">
      <Filter>ソース ファイル\Scene</Filter>
    </ClCompile>
    <ClCompile Include="DirectXGame\Scene\TitleScene.cpp">
      <Filter>ソース ファイル\Scene</Filter>
    </ClCompile>
    <ClCompile Include="DirectXGame\Scene\IScene.cpp">
      <Filter>ソース ファイル\Scene</Filter>
    </ClCompile>
    <ClCompile Include="DirectXGame\Scene\GameOverScene.cpp">
      <Filter>ソース ファイル\Scene</Filter>
    </ClCompile>
    <ClCompile Include="DirectXGame\Scene\GameClearScene.cpp">
      <Filter>ソース ファイル\Scene</Filter>
    </ClCompile>
    <ClCompile Include="DirectXGame\Scene\MenuScene.cpp">
      <Filter>ソース ファイル\Scene</Filter>
    </ClCompile>
    <ClCompile Include="DirectXGame\Manager\GameManager.cpp">
      <Filter>ソース ファイル\Manager</Filter>
    </ClCompile>
    <ClCompile Include="DirectXGame\GameObject\Camera\MainCamera.cpp">
      <Filter>ソース ファイル\GameObject\Camera</Filter>
    </ClCompile>
    <ClCompile Include="DirectXGame\Manager\AudioManager.cpp">
      <Filter>ソース ファイル\Manager</Filter>
    </ClCompile>
    <ClCompile Include="DirectXGame\GameObject\Light\LightObject.cpp">
      <Filter>ソース ファイル\GameObject\Light</Filter>
    </ClCompile>
    <ClCompile Include="DirectXGame\DebugSytem\DebugLog.cpp">
      <Filter>ソース ファイル\Debug</Filter>
    </ClCompile>
    <ClCompile Include="DirectXGame\Base\CreateResource\CreateResource.cpp">
      <Filter>ソース ファイル\Base</Filter>
    </ClCompile>
    <ClCompile Include="DirectXGame\Manager\RandomManager.cpp">
      <Filter>ソース ファイル\Manager</Filter>
    </ClCompile>
    <ClCompile Include="DirectXGame\GameObject\Camera\Base3DCamera.cpp">
      <Filter>ソース ファイル\GameObject\Camera</Filter>
    </ClCompile>
    <ClCompile Include="DirectXGame\GameObject\Camera\TitleCamera.cpp">
      <Filter>ソース ファイル\GameObject\Camera</Filter>
    </ClCompile>
    <ClCompile Include="DirectXGame\Object\WireFrameBox.cpp">
      <Filter>ソース ファイル\Object</Filter>
    </ClCompile>
    <ClCompile Include="DirectXGame\Base\Framework\Framework.cpp">
      <Filter>ソース ファイル\Base</Filter>
    </ClCompile>
    <ClCompile Include="DirectXGame\Manager\SceneManager.cpp">
      <Filter>ソース ファイル\Manager</Filter>
    </ClCompile>
    <ClCompile Include="DirectXGame\Scene\SceneFactory\SceneFactory.cpp">
      <Filter>ソース ファイル\Scene</Filter>
    </ClCompile>
    <ClCompile Include="DirectXGame\GameObject\Camera\GameClearCamera.cpp">
      <Filter>ソース ファイル\GameObject\Camera</Filter>
    </ClCompile>
    <ClCompile Include="DirectXGame\GameObject\Camera\GameOverCamera.cpp">
      <Filter>ソース ファイル\GameObject\Camera</Filter>
    </ClCompile>
    <ClCompile Include="DirectXGame\GameObject\Camera\MenuCamera.cpp">
      <Filter>ソース ファイル\GameObject\Camera</Filter>
    </ClCompile>
    <ClCompile Include="DirectXGame\Data\SpriteData.cpp">
      <Filter>ソース ファイル\Data</Filter>
    </ClCompile>
    <ClCompile Include="DirectXGame\Data\SpriteItem.cpp">
      <Filter>ソース ファイル\Data</Filter>
    </ClCompile>
    <ClCompile Include="DirectXGame\GameObject\Particle\Object\PlaneParticle.cpp">
      <Filter>ソース ファイル\GameObject\Particle\Object</Filter>
    </ClCompile>
    <ClCompile Include="DirectXGame\GameObject\Particle\Sprite\SpriteParticle.cpp">
      <Filter>ソース ファイル\GameObject\Particle\Sprite</Filter>
    </ClCompile>
    <ClCompile Include="DirectXGame\Object\WireFrameSpriteBox.cpp">
      <Filter>ソース ファイル\Object</Filter>
    </ClCompile>
    <ClCompile Include="DirectXGame\LoadFile\GlobalVariables.cpp">
      <Filter>ソース ファイル\LoadFile</Filter>
    </ClCompile>
    <ClCompile Include="DirectXGame\LoadFile\LoadCSV.cpp">
      <Filter>ソース ファイル\LoadFile</Filter>
    </ClCompile>
    <ClCompile Include="DirectXGame\GameObject\Entity\Player.cpp">
      <Filter>ソース ファイル\GameObject\Entity</Filter>
    </ClCompile>
    <ClCompile Include="DirectXGame\GameObject\Map\CreateStage.cpp">
      <Filter>ソース ファイル\GameObject\Map</Filter>
    </ClCompile>
    <ClCompile Include="DirectXGame\GameObject\Map\Stage.cpp">
      <Filter>ソース ファイル\GameObject\Map</Filter>
    </ClCompile>
    <ClCompile Include="DirectXGame\Data\Collider.cpp">
      <Filter>ソース ファイル\Data</Filter>
    </ClCompile>
    <ClCompile Include="DirectXGame\Manager\CollisionManager.cpp">
      <Filter>ソース ファイル\Manager</Filter>
    </ClCompile>
    <ClCompile Include="DirectXGame\GameObject\Shadow\Shadow.cpp">
      <Filter>ソース ファイル\GameObject\Shadow</Filter>
    </ClCompile>
    <ClCompile Include="DirectXGame\Data\Node.cpp">
      <Filter>ソース ファイル\Data</Filter>
    </ClCompile>
    <ClCompile Include="DirectXGame\Data\AnimationInfo.cpp">
      <Filter>ソース ファイル\Data</Filter>
    </ClCompile>
    <ClCompile Include="DirectXGame\Data\Bone.cpp">
      <Filter>ソース ファイル\Data</Filter>
    </ClCompile>
  </ItemGroup>
  <ItemGroup>
    <ClInclude Include="DirectXGame\Math\Math.h">
      <Filter>ヘッダー ファイル\Math</Filter>
    </ClInclude>
    <ClInclude Include="DirectXGame\Math\Vector3.h">
      <Filter>ヘッダー ファイル\Math</Filter>
    </ClInclude>
    <ClInclude Include="DirectXGame\Math\Vector2.h">
      <Filter>ヘッダー ファイル\Math</Filter>
    </ClInclude>
    <ClInclude Include="DirectXGame\Math\Matrix4x4.h">
      <Filter>ヘッダー ファイル\Math</Filter>
    </ClInclude>
    <ClInclude Include="DirectXGame\Math\Vector4.h">
      <Filter>ヘッダー ファイル\Math</Filter>
    </ClInclude>
    <ClInclude Include="DirectXGame\Scene\InGameScene.h">
      <Filter>ヘッダー ファイル\Scene</Filter>
    </ClInclude>
    <ClInclude Include="DirectXGame\Base\DirectXCommon\DirectXCommon.h">
      <Filter>ヘッダー ファイル\Base</Filter>
    </ClInclude>
    <ClInclude Include="DirectXGame\Base\WinApp\WinApp.h">
      <Filter>ヘッダー ファイル\Base</Filter>
    </ClInclude>
    <ClInclude Include="DirectXGame\Base\CreateResource\CreateResource.h">
      <Filter>ヘッダー ファイル\Base</Filter>
    </ClInclude>
    <ClInclude Include="External\imgui\imconfig.h">
      <Filter>imgui</Filter>
    </ClInclude>
    <ClInclude Include="External\imgui\imgui.h">
      <Filter>imgui</Filter>
    </ClInclude>
    <ClInclude Include="External\imgui\imgui_impl_dx12.h">
      <Filter>imgui</Filter>
    </ClInclude>
    <ClInclude Include="External\imgui\imgui_impl_win32.h">
      <Filter>imgui</Filter>
    </ClInclude>
    <ClInclude Include="External\imgui\imgui_internal.h">
      <Filter>imgui</Filter>
    </ClInclude>
    <ClInclude Include="External\imgui\imstb_rectpack.h">
      <Filter>imgui</Filter>
    </ClInclude>
    <ClInclude Include="External\imgui\imstb_textedit.h">
      <Filter>imgui</Filter>
    </ClInclude>
    <ClInclude Include="External\imgui\imstb_truetype.h">
      <Filter>imgui</Filter>
    </ClInclude>
    <ClInclude Include="DirectXGame\Manager\ImGuiManager.h">
      <Filter>ヘッダー ファイル\Manager</Filter>
    </ClInclude>
    <ClInclude Include="DirectXGame\Manager\TextureManager.h">
      <Filter>ヘッダー ファイル\Manager</Filter>
    </ClInclude>
    <ClInclude Include="DirectXGame\Object\Sprite.h">
      <Filter>ヘッダー ファイル\Object</Filter>
    </ClInclude>
    <ClInclude Include="DirectXGame\GameObject\Camera\DebugCamera.h">
      <Filter>ヘッダー ファイル\GameObject\Camera</Filter>
    </ClInclude>
    <ClInclude Include="DirectXGame\GameObject\Camera\SpriteCamera.h">
      <Filter>ヘッダー ファイル\GameObject\Camera</Filter>
    </ClInclude>
    <ClInclude Include="DirectXGame\Manager\GraphicsPipelineManager.h">
      <Filter>ヘッダー ファイル\Manager</Filter>
    </ClInclude>
    <ClInclude Include="DirectXGame\Math\Matrix3x3.h">
      <Filter>ヘッダー ファイル\Math</Filter>
    </ClInclude>
    <ClInclude Include="DirectXGame\Object\Model.h">
      <Filter>ヘッダー ファイル\Object</Filter>
    </ClInclude>
    <ClInclude Include="DirectXGame\Data\Transform.h">
      <Filter>ヘッダー ファイル\Data</Filter>
    </ClInclude>
    <ClInclude Include="DirectXGame\Data\VertexData.h">
      <Filter>ヘッダー ファイル\Data</Filter>
    </ClInclude>
    <ClInclude Include="DirectXGame\Data\MaterialData.h">
      <Filter>ヘッダー ファイル\Data</Filter>
    </ClInclude>
    <ClInclude Include="DirectXGame\Data\Material.h">
      <Filter>ヘッダー ファイル\Data</Filter>
    </ClInclude>
    <ClInclude Include="DirectXGame\Data\ModelData.h">
      <Filter>ヘッダー ファイル\Data</Filter>
    </ClInclude>
    <ClInclude Include="DirectXGame\Data\MaterialInfo.h">
      <Filter>ヘッダー ファイル\Data</Filter>
    </ClInclude>
    <ClInclude Include="DirectXGame\Data\RenderItem.h">
      <Filter>ヘッダー ファイル\Data</Filter>
    </ClInclude>
    <ClInclude Include="DirectXGame\Manager\InputManager.h">
      <Filter>ヘッダー ファイル\Manager</Filter>
    </ClInclude>
    <ClInclude Include="DirectXGame\GameObject\Camera\InGameCamera.h">
      <Filter>ヘッダー ファイル\GameObject\Camera</Filter>
    </ClInclude>
    <ClInclude Include="DirectXGame\Manager\ParticleManager.h">
      <Filter>ヘッダー ファイル\Manager</Filter>
    </ClInclude>
    <ClInclude Include="DirectXGame\GameObject\Particle\testParticle.h">
      <Filter>ヘッダー ファイル\GameObject\Particle</Filter>
    </ClInclude>
    <ClInclude Include="DirectXGame\Data\TextureData.h">
      <Filter>ヘッダー ファイル\Data</Filter>
    </ClInclude>
    <ClInclude Include="DirectXGame\Scene\TitleScene.h">
      <Filter>ヘッダー ファイル\Scene</Filter>
    </ClInclude>
    <ClInclude Include="DirectXGame\Scene\IScene.h">
      <Filter>ヘッダー ファイル\Scene</Filter>
    </ClInclude>
    <ClInclude Include="DirectXGame\Scene\GameOverScene.h">
      <Filter>ヘッダー ファイル\Scene</Filter>
    </ClInclude>
    <ClInclude Include="DirectXGame\Scene\GameClearScene.h">
      <Filter>ヘッダー ファイル\Scene</Filter>
    </ClInclude>
    <ClInclude Include="DirectXGame\Scene\MenuScene.h">
      <Filter>ヘッダー ファイル\Scene</Filter>
    </ClInclude>
    <ClInclude Include="DirectXGame\Manager\GameManager.h">
      <Filter>ヘッダー ファイル\Manager</Filter>
    </ClInclude>
    <ClInclude Include="DirectXGame\Data\ResourceHandles.h">
      <Filter>ヘッダー ファイル\Data</Filter>
    </ClInclude>
    <ClInclude Include="DirectXGame\Data\ParticleDrawInfo.h">
      <Filter>ヘッダー ファイル\Data</Filter>
    </ClInclude>
    <ClInclude Include="DirectXGame\Data\CameraForGPU.h">
      <Filter>ヘッダー ファイル\Data</Filter>
    </ClInclude>
    <ClInclude Include="DirectXGame\GameObject\Camera\MainCamera.h">
      <Filter>ヘッダー ファイル\GameObject\Camera</Filter>
    </ClInclude>
    <ClInclude Include="DirectXGame\Manager\AudioManager.h">
      <Filter>ヘッダー ファイル\Manager</Filter>
    </ClInclude>
    <ClInclude Include="DirectXGame\Data\DirectionalLight.h">
      <Filter>ヘッダー ファイル\Data</Filter>
    </ClInclude>
    <ClInclude Include="DirectXGame\Data\PointLight.h">
      <Filter>ヘッダー ファイル\Data</Filter>
    </ClInclude>
    <ClInclude Include="DirectXGame\Data\SpotLight.h">
      <Filter>ヘッダー ファイル\Data</Filter>
    </ClInclude>
    <ClInclude Include="DirectXGame\GameObject\Light\LightObject.h">
      <Filter>ヘッダー ファイル\GameObject\Light</Filter>
    </ClInclude>
    <ClInclude Include="DirectXGame\DebugSytem\DebugLog.h">
      <Filter>ヘッダー ファイル\Debug</Filter>
    </ClInclude>
    <ClInclude Include="DirectXGame\Base\SafeDelete\SafeDelete.h">
      <Filter>ヘッダー ファイル\Debug</Filter>
    </ClInclude>
    <ClInclude Include="DirectXGame\DebugSytem\ReleseCheck.h">
      <Filter>ヘッダー ファイル\Debug</Filter>
    </ClInclude>
    <ClInclude Include="DirectXGame\Manager\RandomManager.h">
      <Filter>ヘッダー ファイル\Manager</Filter>
    </ClInclude>
    <ClInclude Include="DirectXGame\Data\ParticleForGPU.h">
      <Filter>ヘッダー ファイル\Data</Filter>
    </ClInclude>
    <ClInclude Include="DirectXGame\GameObject\Camera\Base3DCamera.h">
      <Filter>ヘッダー ファイル\GameObject\Camera</Filter>
    </ClInclude>
    <ClInclude Include="DirectXGame\GameObject\Camera\TitleCamera.h">
      <Filter>ヘッダー ファイル\GameObject\Camera</Filter>
    </ClInclude>
    <ClInclude Include="DirectXGame\Object\WireFrameBox.h">
      <Filter>ヘッダー ファイル\Object</Filter>
    </ClInclude>
    <ClInclude Include="DirectXGame\Data\AccelerationField.h">
      <Filter>ヘッダー ファイル\Data</Filter>
    </ClInclude>
    <ClInclude Include="DirectXGame\Math\AABB.h">
      <Filter>ヘッダー ファイル\Math</Filter>
    </ClInclude>
    <ClInclude Include="DirectXGame\Base\Framework\Framework.h">
      <Filter>ヘッダー ファイル\Base</Filter>
    </ClInclude>
    <ClInclude Include="DirectXGame\Manager\SceneManager.h">
      <Filter>ヘッダー ファイル\Manager</Filter>
    </ClInclude>
    <ClInclude Include="DirectXGame\Scene\SceneFactory\SceneFactory.h">
      <Filter>ヘッダー ファイル\Scene</Filter>
    </ClInclude>
    <ClInclude Include="DirectXGame\GameObject\Camera\GameOverCamera.h">
      <Filter>ヘッダー ファイル\GameObject\Camera</Filter>
    </ClInclude>
    <ClInclude Include="DirectXGame\GameObject\Camera\MenuCamera.h">
      <Filter>ヘッダー ファイル\GameObject\Camera</Filter>
    </ClInclude>
    <ClInclude Include="DirectXGame\GameObject\Camera\GameClearCamera.h">
      <Filter>ヘッダー ファイル\GameObject\Camera</Filter>
    </ClInclude>
    <ClInclude Include="DirectXGame\Data\SpriteData.h">
      <Filter>ヘッダー ファイル\Data</Filter>
    </ClInclude>
    <ClInclude Include="DirectXGame\Data\SpriteItem.h">
      <Filter>ヘッダー ファイル\Data</Filter>
    </ClInclude>
    <ClInclude Include="DirectXGame\GameObject\Particle\Object\PlaneParticle.h">
      <Filter>ヘッダー ファイル\GameObject\Particle\Object</Filter>
    </ClInclude>
    <ClInclude Include="DirectXGame\GameObject\Particle\Sprite\SpriteParticle.h">
      <Filter>ヘッダー ファイル\GameObject\Particle\Sprite</Filter>
    </ClInclude>
    <ClInclude Include="DirectXGame\Object\WireFrameSpriteBox.h">
      <Filter>ヘッダー ファイル\Object</Filter>
    </ClInclude>
    <ClInclude Include="DirectXGame\LoadFile\GlobalVariables.h">
      <Filter>ヘッダー ファイル\LoadFile</Filter>
    </ClInclude>
    <ClInclude Include="DirectXGame\LoadFile\LoadCSV.h">
      <Filter>ヘッダー ファイル\LoadFile</Filter>
    </ClInclude>
    <ClInclude Include="DirectXGame\Data\Mesh.h">
      <Filter>ヘッダー ファイル\Base</Filter>
    </ClInclude>
    <ClInclude Include="DirectXGame\GameObject\Entity\Player.h">
      <Filter>ヘッダー ファイル\GameObject\Entity</Filter>
    </ClInclude>
    <ClInclude Include="DirectXGame\GameObject\Map\CreateStage.h">
      <Filter>ヘッダー ファイル\GameObject\Map</Filter>
    </ClInclude>
    <ClInclude Include="DirectXGame\GameObject\Map\Stage.h">
      <Filter>ヘッダー ファイル\GameObject\Map</Filter>
    </ClInclude>
    <ClInclude Include="DirectXGame\Data\Collider.h">
      <Filter>ヘッダー ファイル\Data</Filter>
    </ClInclude>
    <ClInclude Include="DirectXGame\Manager\CollisionManager.h">
      <Filter>ヘッダー ファイル\Manager</Filter>
    </ClInclude>
    <ClInclude Include="DirectXGame\Data\StageBlock.h">
      <Filter>ヘッダー ファイル\Data</Filter>
    </ClInclude>
    <ClInclude Include="DirectXGame\GameObject\Shadow\Shadow.h">
      <Filter>ヘッダー ファイル\GameObject\Shadow</Filter>
    </ClInclude>
    <ClInclude Include="DirectXGame\Data\IndexData.h">
      <Filter>ヘッダー ファイル\Data</Filter>
    </ClInclude>
    <ClInclude Include="DirectXGame\Data\Node.h">
      <Filter>ヘッダー ファイル\Data</Filter>
    </ClInclude>
    <ClInclude Include="DirectXGame\Data\Animation.h">
      <Filter>ヘッダー ファイル\Data</Filter>
    </ClInclude>
    <ClInclude Include="DirectXGame\Data\AnimationInfo.h">
      <Filter>ヘッダー ファイル\Data</Filter>
    </ClInclude>
    <ClInclude Include="DirectXGame\Data\Bone.h">
      <Filter>ヘッダー ファイル\Data</Filter>
    </ClInclude>
  </ItemGroup>
  <ItemGroup>
    <None Include="External\imgui\imgui.vcxproj">
      <Filter>imgui</Filter>
    </None>
    <None Include="External\imgui\imgui.vcxproj.filters">
      <Filter>imgui</Filter>
    </None>
    <None Include="Resources\Shaders\Particle.hlsli">
      <Filter>Shader\Particle</Filter>
    </None>
    <None Include="Resources\Shaders\Object3d.hlsli">
      <Filter>Shader\Object3d</Filter>
    </None>
  </ItemGroup>
  <ItemGroup>
    <Text Include="External\imgui\LICENSE.txt">
      <Filter>imgui</Filter>
    </Text>
  </ItemGroup>
  <ItemGroup>
    <FxCompile Include="Resources\Shaders\Particle.PS.hlsl">
      <Filter>Shader\Particle</Filter>
    </FxCompile>
    <FxCompile Include="Resources\Shaders\Particle.VS.hlsl">
      <Filter>Shader\Particle</Filter>
    </FxCompile>
    <FxCompile Include="Resources\Shaders\Object3d.PS.hlsl">
      <Filter>Shader\Object3d</Filter>
    </FxCompile>
    <FxCompile Include="Resources\Shaders\Object3d.VS.hlsl">
      <Filter>Shader\Object3d</Filter>
    </FxCompile>
  </ItemGroup>
</Project>